
Microsoft Visual Studio Solution File, Format Version 12.00
# Visual Studio Version 17
VisualStudioVersion = 17.5.002.0
MinimumVisualStudioVersion = 10.0.40219.1
Project("{2150E333-8FDC-42A3-9474-1A3956D46DE8}") = "csharp-prep", "csharp-prep", "{8F57C243-9B88-4CD0-846F-4C251BE487A3}"
EndProject
Project("{9A19103F-16F7-4668-BE54-9A1E7A4F7556}") = "Prep1", "csharp-prep\Prep1\Prep1.csproj", "{9319FFE4-457F-4FE6-8828-32B84B6CCFDB}"
EndProject
Project("{9A19103F-16F7-4668-BE54-9A1E7A4F7556}") = "Prep2", "csharp-prep\Prep2\Prep2.csproj", "{8E902EEE-FF9E-48B0-9575-A2832B78DB48}"
EndProject
Project("{9A19103F-16F7-4668-BE54-9A1E7A4F7556}") = "Prep3", "csharp-prep\Prep3\Prep3.csproj", "{61BA5A01-4076-4B72-BC58-EDE527493F98}"
EndProject
Project("{9A19103F-16F7-4668-BE54-9A1E7A4F7556}") = "Prep4", "csharp-prep\Prep4\Prep4.csproj", "{D1551516-6749-4847-931D-1E50FB43E56C}"
EndProject
Project("{9A19103F-16F7-4668-BE54-9A1E7A4F7556}") = "Prep5", "csharp-prep\Prep5\Prep5.csproj", "{01036700-726E-45C5-8DBA-7DB38EB284CC}"
EndProject
Project("{2150E333-8FDC-42A3-9474-1A3956D46DE8}") = "final", "final", "{29F2E740-5E92-42CA-903C-5C28E43C88E4}"
EndProject
Project("{9A19103F-16F7-4668-BE54-9A1E7A4F7556}") = "FinalProject", "final\FinalProject\FinalProject.csproj", "{AE932401-956C-4766-86E7-A6DEF6872FDF}"
EndProject
Project("{9A19103F-16F7-4668-BE54-9A1E7A4F7556}") = "Foundation1", "final\Foundation1\Foundation1.csproj", "{ADD3469B-AFFA-46B5-81DA-8126443888B2}"
EndProject
Project("{9A19103F-16F7-4668-BE54-9A1E7A4F7556}") = "Foundation2", "final\Foundation2\Foundation2.csproj", "{9A078AD1-782B-439A-B2AB-996D872E4E9D}"
EndProject
Project("{9A19103F-16F7-4668-BE54-9A1E7A4F7556}") = "Foundation3", "final\Foundation3\Foundation3.csproj", "{86291D74-D425-43D3-A594-E422ECB67931}"
EndProject
Project("{9A19103F-16F7-4668-BE54-9A1E7A4F7556}") = "Foundation4", "final\Foundation4\Foundation4.csproj", "{C660A7C6-E0B0-4E5E-9832-5F416F0D7DF6}"
EndProject
Project("{2150E333-8FDC-42A3-9474-1A3956D46DE8}") = "prepare", "prepare", "{37AB8064-B9DF-46DE-806A-781D94796C6B}"
EndProject
Project("{9A19103F-16F7-4668-BE54-9A1E7A4F7556}") = "Learning02", "prepare\Learning02\Learning02.csproj", "{4332119D-E1E5-4B38-ACBD-E2DB8742D144}"
EndProject
Project("{9A19103F-16F7-4668-BE54-9A1E7A4F7556}") = "Learning03", "prepare\Learning03\Learning03.csproj", "{23F4FB7D-D28B-478A-871A-BB5D8F381972}"
EndProject
Project("{9A19103F-16F7-4668-BE54-9A1E7A4F7556}") = "Learning04", "prepare\Learning04\Learning04.csproj", "{B3028C01-EA8F-4C1A-9258-F0041DAA19CB}"
EndProject
Project("{9A19103F-16F7-4668-BE54-9A1E7A4F7556}") = "Learning05", "prepare\Learning05\Learning05.csproj", "{A0F8562D-2E9B-4DDE-8D83-363E652177A7}"
EndProject
Project("{2150E333-8FDC-42A3-9474-1A3956D46DE8}") = "prove", "prove", "{B39D92CE-9EC0-4A9D-8D96-9C742DF5E54C}"
EndProject
Project("{9A19103F-16F7-4668-BE54-9A1E7A4F7556}") = "Develop02", "prove\Develop02\Develop02.csproj", "{2B607D0D-8C77-4CAD-A760-9835D4F609D1}"
EndProject
Project("{9A19103F-16F7-4668-BE54-9A1E7A4F7556}") = "Develop03", "prove\Develop03\Develop03.csproj", "{D0239010-F512-4D15-89DC-7D475142EEB0}"
EndProject
Project("{9A19103F-16F7-4668-BE54-9A1E7A4F7556}") = "Develop04", "prove\Develop04\Develop04.csproj", "{F9FD68C9-7929-4F16-8F54-A1F7215A9271}"
EndProject
Project("{9A19103F-16F7-4668-BE54-9A1E7A4F7556}") = "Develop05", "prove\Develop05\Develop05.csproj", "{750839CC-43FD-4E52-9CD1-418797D77843}"
EndProject
Project("{2150E333-8FDC-42A3-9474-1A3956D46DE8}") = "sandbox", "sandbox", "{48558668-8B5D-4847-A163-99C738257E85}"
EndProject
Project("{9A19103F-16F7-4668-BE54-9A1E7A4F7556}") = "Sandbox", "sandbox\Sandbox\Sandbox.csproj", "{13D9C598-01A5-4B3A-B676-2B7651ED8CC4}"
EndProject
Global
	GlobalSection(SolutionConfigurationPlatforms) = preSolution
		Debug|Any CPU = Debug|Any CPU
		Release|Any CPU = Release|Any CPU
	EndGlobalSection
	GlobalSection(ProjectConfigurationPlatforms) = postSolution
		{9319FFE4-457F-4FE6-8828-32B84B6CCFDB}.Debug|Any CPU.ActiveCfg = Debug|Any CPU
		{9319FFE4-457F-4FE6-8828-32B84B6CCFDB}.Debug|Any CPU.Build.0 = Debug|Any CPU
		{9319FFE4-457F-4FE6-8828-32B84B6CCFDB}.Release|Any CPU.ActiveCfg = Release|Any CPU
		{9319FFE4-457F-4FE6-8828-32B84B6CCFDB}.Release|Any CPU.Build.0 = Release|Any CPU
		{8E902EEE-FF9E-48B0-9575-A2832B78DB48}.Debug|Any CPU.ActiveCfg = Debug|Any CPU
		{8E902EEE-FF9E-48B0-9575-A2832B78DB48}.Debug|Any CPU.Build.0 = Debug|Any CPU
		{8E902EEE-FF9E-48B0-9575-A2832B78DB48}.Release|Any CPU.ActiveCfg = Release|Any CPU
		{8E902EEE-FF9E-48B0-9575-A2832B78DB48}.Release|Any CPU.Build.0 = Release|Any CPU
		{61BA5A01-4076-4B72-BC58-EDE527493F98}.Debug|Any CPU.ActiveCfg = Debug|Any CPU
		{61BA5A01-4076-4B72-BC58-EDE527493F98}.Debug|Any CPU.Build.0 = Debug|Any CPU
		{61BA5A01-4076-4B72-BC58-EDE527493F98}.Release|Any CPU.ActiveCfg = Release|Any CPU
		{61BA5A01-4076-4B72-BC58-EDE527493F98}.Release|Any CPU.Build.0 = Release|Any CPU
		{D1551516-6749-4847-931D-1E50FB43E56C}.Debug|Any CPU.ActiveCfg = Debug|Any CPU
		{D1551516-6749-4847-931D-1E50FB43E56C}.Debug|Any CPU.Build.0 = Debug|Any CPU
		{D1551516-6749-4847-931D-1E50FB43E56C}.Release|Any CPU.ActiveCfg = Release|Any CPU
		{D1551516-6749-4847-931D-1E50FB43E56C}.Release|Any CPU.Build.0 = Release|Any CPU
		{01036700-726E-45C5-8DBA-7DB38EB284CC}.Debug|Any CPU.ActiveCfg = Debug|Any CPU
		{01036700-726E-45C5-8DBA-7DB38EB284CC}.Debug|Any CPU.Build.0 = Debug|Any CPU
		{01036700-726E-45C5-8DBA-7DB38EB284CC}.Release|Any CPU.ActiveCfg = Release|Any CPU
		{01036700-726E-45C5-8DBA-7DB38EB284CC}.Release|Any CPU.Build.0 = Release|Any CPU
		{AE932401-956C-4766-86E7-A6DEF6872FDF}.Debug|Any CPU.ActiveCfg = Debug|Any CPU
		{AE932401-956C-4766-86E7-A6DEF6872FDF}.Debug|Any CPU.Build.0 = Debug|Any CPU
		{AE932401-956C-4766-86E7-A6DEF6872FDF}.Release|Any CPU.ActiveCfg = Release|Any CPU
		{AE932401-956C-4766-86E7-A6DEF6872FDF}.Release|Any CPU.Build.0 = Release|Any CPU
		{ADD3469B-AFFA-46B5-81DA-8126443888B2}.Debug|Any CPU.ActiveCfg = Debug|Any CPU
		{ADD3469B-AFFA-46B5-81DA-8126443888B2}.Debug|Any CPU.Build.0 = Debug|Any CPU
		{ADD3469B-AFFA-46B5-81DA-8126443888B2}.Release|Any CPU.ActiveCfg = Release|Any CPU
		{ADD3469B-AFFA-46B5-81DA-8126443888B2}.Release|Any CPU.Build.0 = Release|Any CPU
		{9A078AD1-782B-439A-B2AB-996D872E4E9D}.Debug|Any CPU.ActiveCfg = Debug|Any CPU
		{9A078AD1-782B-439A-B2AB-996D872E4E9D}.Debug|Any CPU.Build.0 = Debug|Any CPU
		{9A078AD1-782B-439A-B2AB-996D872E4E9D}.Release|Any CPU.ActiveCfg = Release|Any CPU
		{9A078AD1-782B-439A-B2AB-996D872E4E9D}.Release|Any CPU.Build.0 = Release|Any CPU
		{86291D74-D425-43D3-A594-E422ECB67931}.Debug|Any CPU.ActiveCfg = Debug|Any CPU
		{86291D74-D425-43D3-A594-E422ECB67931}.Debug|Any CPU.Build.0 = Debug|Any CPU
		{86291D74-D425-43D3-A594-E422ECB67931}.Release|Any CPU.ActiveCfg = Release|Any CPU
		{86291D74-D425-43D3-A594-E422ECB67931}.Release|Any CPU.Build.0 = Release|Any CPU
		{C660A7C6-E0B0-4E5E-9832-5F416F0D7DF6}.Debug|Any CPU.ActiveCfg = Debug|Any CPU
		{C660A7C6-E0B0-4E5E-9832-5F416F0D7DF6}.Debug|Any CPU.Build.0 = Debug|Any CPU
		{C660A7C6-E0B0-4E5E-9832-5F416F0D7DF6}.Release|Any CPU.ActiveCfg = Release|Any CPU
		{C660A7C6-E0B0-4E5E-9832-5F416F0D7DF6}.Release|Any CPU.Build.0 = Release|Any CPU
		{4332119D-E1E5-4B38-ACBD-E2DB8742D144}.Debug|Any CPU.ActiveCfg = Debug|Any CPU
		{4332119D-E1E5-4B38-ACBD-E2DB8742D144}.Debug|Any CPU.Build.0 = Debug|Any CPU
		{4332119D-E1E5-4B38-ACBD-E2DB8742D144}.Release|Any CPU.ActiveCfg = Release|Any CPU
		{4332119D-E1E5-4B38-ACBD-E2DB8742D144}.Release|Any CPU.Build.0 = Release|Any CPU
		{23F4FB7D-D28B-478A-871A-BB5D8F381972}.Debug|Any CPU.ActiveCfg = Debug|Any CPU
		{23F4FB7D-D28B-478A-871A-BB5D8F381972}.Debug|Any CPU.Build.0 = Debug|Any CPU
		{23F4FB7D-D28B-478A-871A-BB5D8F381972}.Release|Any CPU.ActiveCfg = Release|Any CPU
		{23F4FB7D-D28B-478A-871A-BB5D8F381972}.Release|Any CPU.Build.0 = Release|Any CPU
		{B3028C01-EA8F-4C1A-9258-F0041DAA19CB}.Debug|Any CPU.ActiveCfg = Debug|Any CPU
		{B3028C01-EA8F-4C1A-9258-F0041DAA19CB}.Debug|Any CPU.Build.0 = Debug|Any CPU
		{B3028C01-EA8F-4C1A-9258-F0041DAA19CB}.Release|Any CPU.ActiveCfg = Release|Any CPU
		{B3028C01-EA8F-4C1A-9258-F0041DAA19CB}.Release|Any CPU.Build.0 = Release|Any CPU
		{A0F8562D-2E9B-4DDE-8D83-363E652177A7}.Debug|Any CPU.ActiveCfg = Debug|Any CPU
		{A0F8562D-2E9B-4DDE-8D83-363E652177A7}.Debug|Any CPU.Build.0 = Debug|Any CPU
		{A0F8562D-2E9B-4DDE-8D83-363E652177A7}.Release|Any CPU.ActiveCfg = Release|Any CPU
		{A0F8562D-2E9B-4DDE-8D83-363E652177A7}.Release|Any CPU.Build.0 = Release|Any CPU
		{2B607D0D-8C77-4CAD-A760-9835D4F609D1}.Debug|Any CPU.ActiveCfg = Debug|Any CPU
		{2B607D0D-8C77-4CAD-A760-9835D4F609D1}.Debug|Any CPU.Build.0 = Debug|Any CPU
		{2B607D0D-8C77-4CAD-A760-9835D4F609D1}.Release|Any CPU.ActiveCfg = Release|Any CPU
		{2B607D0D-8C77-4CAD-A760-9835D4F609D1}.Release|Any CPU.Build.0 = Release|Any CPU
		{D0239010-F512-4D15-89DC-7D475142EEB0}.Debug|Any CPU.ActiveCfg = Debug|Any CPU
		{D0239010-F512-4D15-89DC-7D475142EEB0}.Debug|Any CPU.Build.0 = Debug|Any CPU
		{D0239010-F512-4D15-89DC-7D475142EEB0}.Release|Any CPU.ActiveCfg = Release|Any CPU
		{D0239010-F512-4D15-89DC-7D475142EEB0}.Release|Any CPU.Build.0 = Release|Any CPU
		{F9FD68C9-7929-4F16-8F54-A1F7215A9271}.Debug|Any CPU.ActiveCfg = Debug|Any CPU
		{F9FD68C9-7929-4F16-8F54-A1F7215A9271}.Debug|Any CPU.Build.0 = Debug|Any CPU
		{F9FD68C9-7929-4F16-8F54-A1F7215A9271}.Release|Any CPU.ActiveCfg = Release|Any CPU
		{F9FD68C9-7929-4F16-8F54-A1F7215A9271}.Release|Any CPU.Build.0 = Release|Any CPU
		{750839CC-43FD-4E52-9CD1-418797D77843}.Debug|Any CPU.ActiveCfg = Debug|Any CPU
		{750839CC-43FD-4E52-9CD1-418797D77843}.Debug|Any CPU.Build.0 = Debug|Any CPU
		{750839CC-43FD-4E52-9CD1-418797D77843}.Release|Any CPU.ActiveCfg = Release|Any CPU
		{750839CC-43FD-4E52-9CD1-418797D77843}.Release|Any CPU.Build.0 = Release|Any CPU
		{13D9C598-01A5-4B3A-B676-2B7651ED8CC4}.Debug|Any CPU.ActiveCfg = Debug|Any CPU
		{13D9C598-01A5-4B3A-B676-2B7651ED8CC4}.Debug|Any CPU.Build.0 = Debug|Any CPU
		{13D9C598-01A5-4B3A-B676-2B7651ED8CC4}.Release|Any CPU.ActiveCfg = Release|Any CPU
		{13D9C598-01A5-4B3A-B676-2B7651ED8CC4}.Release|Any CPU.Build.0 = Release|Any CPU
	EndGlobalSection
	GlobalSection(SolutionProperties) = preSolution
		HideSolutionNode = FALSE
	EndGlobalSection
	GlobalSection(NestedProjects) = preSolution
		{9319FFE4-457F-4FE6-8828-32B84B6CCFDB} = {8F57C243-9B88-4CD0-846F-4C251BE487A3}
		{8E902EEE-FF9E-48B0-9575-A2832B78DB48} = {8F57C243-9B88-4CD0-846F-4C251BE487A3}
		{61BA5A01-4076-4B72-BC58-EDE527493F98} = {8F57C243-9B88-4CD0-846F-4C251BE487A3}
		{D1551516-6749-4847-931D-1E50FB43E56C} = {8F57C243-9B88-4CD0-846F-4C251BE487A3}
		{01036700-726E-45C5-8DBA-7DB38EB284CC} = {8F57C243-9B88-4CD0-846F-4C251BE487A3}
		{AE932401-956C-4766-86E7-A6DEF6872FDF} = {29F2E740-5E92-42CA-903C-5C28E43C88E4}
		{ADD3469B-AFFA-46B5-81DA-8126443888B2} = {29F2E740-5E92-42CA-903C-5C28E43C88E4}
		{9A078AD1-782B-439A-B2AB-996D872E4E9D} = {29F2E740-5E92-42CA-903C-5C28E43C88E4}
		{86291D74-D425-43D3-A594-E422ECB67931} = {29F2E740-5E92-42CA-903C-5C28E43C88E4}
		{C660A7C6-E0B0-4E5E-9832-5F416F0D7DF6} = {29F2E740-5E92-42CA-903C-5C28E43C88E4}
		{4332119D-E1E5-4B38-ACBD-E2DB8742D144} = {37AB8064-B9DF-46DE-806A-781D94796C6B}
		{23F4FB7D-D28B-478A-871A-BB5D8F381972} = {37AB8064-B9DF-46DE-806A-781D94796C6B}
		{B3028C01-EA8F-4C1A-9258-F0041DAA19CB} = {37AB8064-B9DF-46DE-806A-781D94796C6B}
		{A0F8562D-2E9B-4DDE-8D83-363E652177A7} = {37AB8064-B9DF-46DE-806A-781D94796C6B}
		{2B607D0D-8C77-4CAD-A760-9835D4F609D1} = {B39D92CE-9EC0-4A9D-8D96-9C742DF5E54C}
		{D0239010-F512-4D15-89DC-7D475142EEB0} = {B39D92CE-9EC0-4A9D-8D96-9C742DF5E54C}
		{F9FD68C9-7929-4F16-8F54-A1F7215A9271} = {B39D92CE-9EC0-4A9D-8D96-9C742DF5E54C}
		{750839CC-43FD-4E52-9CD1-418797D77843} = {B39D92CE-9EC0-4A9D-8D96-9C742DF5E54C}
		{13D9C598-01A5-4B3A-B676-2B7651ED8CC4} = {48558668-8B5D-4847-A163-99C738257E85}
	EndGlobalSection
	GlobalSection(ExtensibilityGlobals) = postSolution
		SolutionGuid = {14C9C88B-6C69-40C7-94DC-DE140B5C5B0D}
	EndGlobalSection
EndGlobal
